
Microsoft Visual Studio Solution File, Format Version 12.00
# Visual Studio Version 17
VisualStudioVersion = 17.7.34202.233
MinimumVisualStudioVersion = 10.0.40219.1
Project("{FAE04EC0-301F-11D3-BF4B-00C04F79EFBC}") = "Api", "Api.csproj", "{2EB111F2-3592-4130-85DC-3A1D9C66797B}"
EndProject
Global
	GlobalSection(SolutionConfigurationPlatforms) = preSolution
		Debug|Any CPU = Debug|Any CPU
		Release|Any CPU = Release|Any CPU
	EndGlobalSection
	GlobalSection(ProjectConfigurationPlatforms) = postSolution
		{2EB111F2-3592-4130-85DC-3A1D9C66797B}.Debug|Any CPU.ActiveCfg = Debug|Any CPU
		{2EB111F2-3592-4130-85DC-3A1D9C66797B}.Debug|Any CPU.Build.0 = Debug|Any CPU
		{2EB111F2-3592-4130-85DC-3A1D9C66797B}.Release|Any CPU.ActiveCfg = Release|Any CPU
		{2EB111F2-3592-4130-85DC-3A1D9C66797B}.Release|Any CPU.Build.0 = Release|Any CPU
	EndGlobalSection
	GlobalSection(SolutionProperties) = preSolution
		HideSolutionNode = FALSE
	EndGlobalSection
	GlobalSection(ExtensibilityGlobals) = postSolution
		SolutionGuid = {F0405191-4C78-45C7-974E-AD09BC0F79BD}
	EndGlobalSection
EndGlobal
